// !$*UTF8*$!
{
	archiveVersion = 1;
	classes = {
	};
	objectVersion = 51;
	objects = {

/* Begin PBXBuildFile section */
		0F1E850624C0CE1100412F4D /* BuyDetailViewController.m in Sources */ = {isa = PBXBuildFile; fileRef = 0F1E850524C0CE1100412F4D /* BuyDetailViewController.m */; };
		0F1E850C24C1063000412F4D /* SellingListingCell.m in Sources */ = {isa = PBXBuildFile; fileRef = 0F1E850B24C1063000412F4D /* SellingListingCell.m */; };
		0F1E851024C1082E00412F4D /* SellingViewController.m in Sources */ = {isa = PBXBuildFile; fileRef = 0F1E850F24C1082E00412F4D /* SellingViewController.m */; };
		0F6C4D9D24BD18A800E2E846 /* MaskListingViewController.m in Sources */ = {isa = PBXBuildFile; fileRef = 0F6C4D9C24BD18A800E2E846 /* MaskListingViewController.m */; };
		0F6C4DA124BD1F8900E2E846 /* MaskListing.m in Sources */ = {isa = PBXBuildFile; fileRef = 0F6C4DA024BD1F8900E2E846 /* MaskListing.m */; };
		0F8B916824BE208000B1FB85 /* MaskListingBuilder.m in Sources */ = {isa = PBXBuildFile; fileRef = 0F8B916724BE208000B1FB85 /* MaskListingBuilder.m */; };
		0F8B916E24BE487300B1FB85 /* ImageTitleViewController.m in Sources */ = {isa = PBXBuildFile; fileRef = 0F8B916D24BE487300B1FB85 /* ImageTitleViewController.m */; };
		0F8B917224BE4E1F00B1FB85 /* DescLocViewController.m in Sources */ = {isa = PBXBuildFile; fileRef = 0F8B917124BE4E1F00B1FB85 /* DescLocViewController.m */; };
		0F8B917624BE53AB00B1FB85 /* PriceViewController.m in Sources */ = {isa = PBXBuildFile; fileRef = 0F8B917524BE53AB00B1FB85 /* PriceViewController.m */; };
		0F97CD6024BCCFA300CA7C9E /* AppDelegate.m in Sources */ = {isa = PBXBuildFile; fileRef = 0F97CD5F24BCCFA300CA7C9E /* AppDelegate.m */; };
		0F97CD6324BCCFA300CA7C9E /* SceneDelegate.m in Sources */ = {isa = PBXBuildFile; fileRef = 0F97CD6224BCCFA300CA7C9E /* SceneDelegate.m */; };
		0F97CD6924BCCFA300CA7C9E /* Main.storyboard in Resources */ = {isa = PBXBuildFile; fileRef = 0F97CD6724BCCFA300CA7C9E /* Main.storyboard */; };
		0F97CD6B24BCCFA400CA7C9E /* Assets.xcassets in Resources */ = {isa = PBXBuildFile; fileRef = 0F97CD6A24BCCFA400CA7C9E /* Assets.xcassets */; };
		0F97CD6E24BCCFA400CA7C9E /* LaunchScreen.storyboard in Resources */ = {isa = PBXBuildFile; fileRef = 0F97CD6C24BCCFA400CA7C9E /* LaunchScreen.storyboard */; };
		0F97CD7124BCCFA400CA7C9E /* main.m in Sources */ = {isa = PBXBuildFile; fileRef = 0F97CD7024BCCFA400CA7C9E /* main.m */; };
		0F97CD7B24BCCFA400CA7C9E /* maskmarketTests.m in Sources */ = {isa = PBXBuildFile; fileRef = 0F97CD7A24BCCFA400CA7C9E /* maskmarketTests.m */; };
		0F97CD8624BCCFA400CA7C9E /* maskmarketUITests.m in Sources */ = {isa = PBXBuildFile; fileRef = 0F97CD8524BCCFA400CA7C9E /* maskmarketUITests.m */; };
		0F97CD9624BCDAFB00CA7C9E /* CreateAccountViewController.m in Sources */ = {isa = PBXBuildFile; fileRef = 0F97CD9524BCDAFB00CA7C9E /* CreateAccountViewController.m */; };
		0F97CD9B24BCDBFF00CA7C9E /* ParsePoster.m in Sources */ = {isa = PBXBuildFile; fileRef = 0F97CD9A24BCDBFF00CA7C9E /* ParsePoster.m */; };
		0F97CDB824BCFEDE00CA7C9E /* NextCustomButton.m in Sources */ = {isa = PBXBuildFile; fileRef = 0F97CDB724BCFEDE00CA7C9E /* NextCustomButton.m */; };
		0F97CDBE24BD0C6300CA7C9E /* LoginViewController.m in Sources */ = {isa = PBXBuildFile; fileRef = 0F97CDBD24BD0C6300CA7C9E /* LoginViewController.m */; };
		0F9ECFDC24BF5CA70020B289 /* User.m in Sources */ = {isa = PBXBuildFile; fileRef = 0F9ECFDB24BF5CA70020B289 /* User.m */; };
		0F9ECFE024BF5FD60020B289 /* UserBuilder.m in Sources */ = {isa = PBXBuildFile; fileRef = 0F9ECFDF24BF5FD60020B289 /* UserBuilder.m */; };
		0F9ECFE324BF72160020B289 /* ParseMaskListing.m in Sources */ = {isa = PBXBuildFile; fileRef = 0F9ECFE224BF72150020B289 /* ParseMaskListing.m */; };
		0F9ECFEA24BF89330020B289 /* ParseGetter.m in Sources */ = {isa = PBXBuildFile; fileRef = 0F9ECFE924BF89330020B289 /* ParseGetter.m */; };
		0F9ECFED24BF955A0020B289 /* HomeListingCell.m in Sources */ = {isa = PBXBuildFile; fileRef = 0F9ECFEC24BF955A0020B289 /* HomeListingCell.m */; };
		0FC67F3624C60D0F00852F89 /* PurchaseObj.m in Sources */ = {isa = PBXBuildFile; fileRef = 0FC67F3524C60D0F00852F89 /* PurchaseObj.m */; };
		0FC67F3A24C610AE00852F89 /* PurchasedObjBuilder.m in Sources */ = {isa = PBXBuildFile; fileRef = 0FC67F3924C610AE00852F89 /* PurchasedObjBuilder.m */; };
		0FC67F3E24C6377400852F89 /* BuyingViewController.m in Sources */ = {isa = PBXBuildFile; fileRef = 0FC67F3D24C6377400852F89 /* BuyingViewController.m */; };
		0FC67F4124C63FE600852F89 /* BuyingListingCell.m in Sources */ = {isa = PBXBuildFile; fileRef = 0FC67F4024C63FE600852F89 /* BuyingListingCell.m */; };
		0FC67F4624C7613700852F89 /* BoughtListing.m in Sources */ = {isa = PBXBuildFile; fileRef = 0FC67F4524C7613700852F89 /* BoughtListing.m */; };
		0FC67F4A24C7630A00852F89 /* BoughtListingBuilder.m in Sources */ = {isa = PBXBuildFile; fileRef = 0FC67F4924C7630A00852F89 /* BoughtListingBuilder.m */; };
		0FC67F5024C7915400852F89 /* BoughtDetailsViewController.m in Sources */ = {isa = PBXBuildFile; fileRef = 0FC67F4F24C7915400852F89 /* BoughtDetailsViewController.m */; };
		0FFE3C3424C24C930028466A /* PurchaseViewController.m in Sources */ = {isa = PBXBuildFile; fileRef = 0FFE3C3324C24C930028466A /* PurchaseViewController.m */; };
		277BD8C0ADE42DC2B1DBD5AC /* Pods_maskmarket.framework in Frameworks */ = {isa = PBXBuildFile; fileRef = 91A51C4A454F0EBD1743F46C /* Pods_maskmarket.framework */; };
		3E4FBA7AFE1B5E3BC88841D2 /* Pods_maskmarketTests.framework in Frameworks */ = {isa = PBXBuildFile; fileRef = AF3EB4D5E036F75B76B9CB44 /* Pods_maskmarketTests.framework */; };
		763D322912A57636A5B2004E /* Pods_maskmarket_maskmarketUITests.framework in Frameworks */ = {isa = PBXBuildFile; fileRef = 50A1DFF2771C130099606633 /* Pods_maskmarket_maskmarketUITests.framework */; };
/* End PBXBuildFile section */

/* Begin PBXContainerItemProxy section */
		0F97CD7724BCCFA400CA7C9E /* PBXContainerItemProxy */ = {
			isa = PBXContainerItemProxy;
			containerPortal = 0F97CD5324BCCFA300CA7C9E /* Project object */;
			proxyType = 1;
			remoteGlobalIDString = 0F97CD5A24BCCFA300CA7C9E;
			remoteInfo = maskmarket;
		};
		0F97CD8224BCCFA400CA7C9E /* PBXContainerItemProxy */ = {
			isa = PBXContainerItemProxy;
			containerPortal = 0F97CD5324BCCFA300CA7C9E /* Project object */;
			proxyType = 1;
			remoteGlobalIDString = 0F97CD5A24BCCFA300CA7C9E;
			remoteInfo = maskmarket;
		};
/* End PBXContainerItemProxy section */

/* Begin PBXFileReference section */
		03FC078581BDA3D064BC0629 /* Pods-maskmarket-maskmarketUITests.debug.xcconfig */ = {isa = PBXFileReference; includeInIndex = 1; lastKnownFileType = text.xcconfig; name = "Pods-maskmarket-maskmarketUITests.debug.xcconfig"; path = "Target Support Files/Pods-maskmarket-maskmarketUITests/Pods-maskmarket-maskmarketUITests.debug.xcconfig"; sourceTree = "<group>"; };
		0F1E850424C0CE1100412F4D /* BuyDetailViewController.h */ = {isa = PBXFileReference; lastKnownFileType = sourcecode.c.h; path = BuyDetailViewController.h; sourceTree = "<group>"; };
		0F1E850524C0CE1100412F4D /* BuyDetailViewController.m */ = {isa = PBXFileReference; lastKnownFileType = sourcecode.c.objc; path = BuyDetailViewController.m; sourceTree = "<group>"; };
		0F1E850A24C1063000412F4D /* SellingListingCell.h */ = {isa = PBXFileReference; lastKnownFileType = sourcecode.c.h; path = SellingListingCell.h; sourceTree = "<group>"; };
		0F1E850B24C1063000412F4D /* SellingListingCell.m */ = {isa = PBXFileReference; lastKnownFileType = sourcecode.c.objc; path = SellingListingCell.m; sourceTree = "<group>"; };
		0F1E850E24C1082E00412F4D /* SellingViewController.h */ = {isa = PBXFileReference; lastKnownFileType = sourcecode.c.h; path = SellingViewController.h; sourceTree = "<group>"; };
		0F1E850F24C1082E00412F4D /* SellingViewController.m */ = {isa = PBXFileReference; lastKnownFileType = sourcecode.c.objc; path = SellingViewController.m; sourceTree = "<group>"; };
		0F6C4D9B24BD18A800E2E846 /* MaskListingViewController.h */ = {isa = PBXFileReference; lastKnownFileType = sourcecode.c.h; path = MaskListingViewController.h; sourceTree = "<group>"; };
		0F6C4D9C24BD18A800E2E846 /* MaskListingViewController.m */ = {isa = PBXFileReference; lastKnownFileType = sourcecode.c.objc; path = MaskListingViewController.m; sourceTree = "<group>"; };
		0F6C4D9F24BD1F8900E2E846 /* MaskListing.h */ = {isa = PBXFileReference; lastKnownFileType = sourcecode.c.h; path = MaskListing.h; sourceTree = "<group>"; };
		0F6C4DA024BD1F8900E2E846 /* MaskListing.m */ = {isa = PBXFileReference; lastKnownFileType = sourcecode.c.objc; path = MaskListing.m; sourceTree = "<group>"; };
		0F8B916624BE208000B1FB85 /* MaskListingBuilder.h */ = {isa = PBXFileReference; lastKnownFileType = sourcecode.c.h; path = MaskListingBuilder.h; sourceTree = "<group>"; };
		0F8B916724BE208000B1FB85 /* MaskListingBuilder.m */ = {isa = PBXFileReference; lastKnownFileType = sourcecode.c.objc; path = MaskListingBuilder.m; sourceTree = "<group>"; };
		0F8B916C24BE487300B1FB85 /* ImageTitleViewController.h */ = {isa = PBXFileReference; lastKnownFileType = sourcecode.c.h; path = ImageTitleViewController.h; sourceTree = "<group>"; };
		0F8B916D24BE487300B1FB85 /* ImageTitleViewController.m */ = {isa = PBXFileReference; lastKnownFileType = sourcecode.c.objc; path = ImageTitleViewController.m; sourceTree = "<group>"; };
		0F8B917024BE4E1F00B1FB85 /* DescLocViewController.h */ = {isa = PBXFileReference; lastKnownFileType = sourcecode.c.h; path = DescLocViewController.h; sourceTree = "<group>"; };
		0F8B917124BE4E1F00B1FB85 /* DescLocViewController.m */ = {isa = PBXFileReference; lastKnownFileType = sourcecode.c.objc; path = DescLocViewController.m; sourceTree = "<group>"; };
		0F8B917424BE53AB00B1FB85 /* PriceViewController.h */ = {isa = PBXFileReference; lastKnownFileType = sourcecode.c.h; path = PriceViewController.h; sourceTree = "<group>"; };
		0F8B917524BE53AB00B1FB85 /* PriceViewController.m */ = {isa = PBXFileReference; lastKnownFileType = sourcecode.c.objc; path = PriceViewController.m; sourceTree = "<group>"; };
		0F97CD5B24BCCFA300CA7C9E /* maskmarket.app */ = {isa = PBXFileReference; explicitFileType = wrapper.application; includeInIndex = 0; path = maskmarket.app; sourceTree = BUILT_PRODUCTS_DIR; };
		0F97CD5E24BCCFA300CA7C9E /* AppDelegate.h */ = {isa = PBXFileReference; lastKnownFileType = sourcecode.c.h; path = AppDelegate.h; sourceTree = "<group>"; };
		0F97CD5F24BCCFA300CA7C9E /* AppDelegate.m */ = {isa = PBXFileReference; lastKnownFileType = sourcecode.c.objc; path = AppDelegate.m; sourceTree = "<group>"; };
		0F97CD6124BCCFA300CA7C9E /* SceneDelegate.h */ = {isa = PBXFileReference; lastKnownFileType = sourcecode.c.h; path = SceneDelegate.h; sourceTree = "<group>"; };
		0F97CD6224BCCFA300CA7C9E /* SceneDelegate.m */ = {isa = PBXFileReference; lastKnownFileType = sourcecode.c.objc; path = SceneDelegate.m; sourceTree = "<group>"; };
		0F97CD6824BCCFA300CA7C9E /* Base */ = {isa = PBXFileReference; lastKnownFileType = file.storyboard; name = Base; path = Base.lproj/Main.storyboard; sourceTree = "<group>"; };
		0F97CD6A24BCCFA400CA7C9E /* Assets.xcassets */ = {isa = PBXFileReference; lastKnownFileType = folder.assetcatalog; path = Assets.xcassets; sourceTree = "<group>"; };
		0F97CD6D24BCCFA400CA7C9E /* Base */ = {isa = PBXFileReference; lastKnownFileType = file.storyboard; name = Base; path = Base.lproj/LaunchScreen.storyboard; sourceTree = "<group>"; };
		0F97CD6F24BCCFA400CA7C9E /* Info.plist */ = {isa = PBXFileReference; lastKnownFileType = text.plist.xml; path = Info.plist; sourceTree = "<group>"; };
		0F97CD7024BCCFA400CA7C9E /* main.m */ = {isa = PBXFileReference; lastKnownFileType = sourcecode.c.objc; path = main.m; sourceTree = "<group>"; };
		0F97CD7624BCCFA400CA7C9E /* maskmarketTests.xctest */ = {isa = PBXFileReference; explicitFileType = wrapper.cfbundle; includeInIndex = 0; path = maskmarketTests.xctest; sourceTree = BUILT_PRODUCTS_DIR; };
		0F97CD7A24BCCFA400CA7C9E /* maskmarketTests.m */ = {isa = PBXFileReference; lastKnownFileType = sourcecode.c.objc; path = maskmarketTests.m; sourceTree = "<group>"; };
		0F97CD7C24BCCFA400CA7C9E /* Info.plist */ = {isa = PBXFileReference; lastKnownFileType = text.plist.xml; path = Info.plist; sourceTree = "<group>"; };
		0F97CD8124BCCFA400CA7C9E /* maskmarketUITests.xctest */ = {isa = PBXFileReference; explicitFileType = wrapper.cfbundle; includeInIndex = 0; path = maskmarketUITests.xctest; sourceTree = BUILT_PRODUCTS_DIR; };
		0F97CD8524BCCFA400CA7C9E /* maskmarketUITests.m */ = {isa = PBXFileReference; lastKnownFileType = sourcecode.c.objc; path = maskmarketUITests.m; sourceTree = "<group>"; };
		0F97CD8724BCCFA400CA7C9E /* Info.plist */ = {isa = PBXFileReference; lastKnownFileType = text.plist.xml; path = Info.plist; sourceTree = "<group>"; };
		0F97CD9424BCDAFB00CA7C9E /* CreateAccountViewController.h */ = {isa = PBXFileReference; lastKnownFileType = sourcecode.c.h; path = CreateAccountViewController.h; sourceTree = "<group>"; };
		0F97CD9524BCDAFB00CA7C9E /* CreateAccountViewController.m */ = {isa = PBXFileReference; lastKnownFileType = sourcecode.c.objc; path = CreateAccountViewController.m; sourceTree = "<group>"; };
		0F97CD9924BCDBFF00CA7C9E /* ParsePoster.h */ = {isa = PBXFileReference; lastKnownFileType = sourcecode.c.h; path = ParsePoster.h; sourceTree = "<group>"; };
		0F97CD9A24BCDBFF00CA7C9E /* ParsePoster.m */ = {isa = PBXFileReference; lastKnownFileType = sourcecode.c.objc; path = ParsePoster.m; sourceTree = "<group>"; };
		0F97CD9D24BCE52900CA7C9E /* Montserrat-Regular.ttf */ = {isa = PBXFileReference; lastKnownFileType = file; name = "Montserrat-Regular.ttf"; path = "../../../../Desktop/Montserrat/Montserrat-Regular.ttf"; sourceTree = "<group>"; };
		0F97CD9E24BCE52900CA7C9E /* Montserrat-Thin.ttf */ = {isa = PBXFileReference; lastKnownFileType = file; name = "Montserrat-Thin.ttf"; path = "../../../../Desktop/Montserrat/Montserrat-Thin.ttf"; sourceTree = "<group>"; };
		0F97CDA024BCE52900CA7C9E /* Montserrat-Bold.ttf */ = {isa = PBXFileReference; lastKnownFileType = file; name = "Montserrat-Bold.ttf"; path = "../../../../Desktop/Montserrat/Montserrat-Bold.ttf"; sourceTree = "<group>"; };
		0F97CDA424BCE52900CA7C9E /* Montserrat-SemiBold.ttf */ = {isa = PBXFileReference; lastKnownFileType = file; name = "Montserrat-SemiBold.ttf"; path = "../../../../Desktop/Montserrat/Montserrat-SemiBold.ttf"; sourceTree = "<group>"; };
		0F97CDA524BCE52A00CA7C9E /* Montserrat-Medium.ttf */ = {isa = PBXFileReference; lastKnownFileType = file; name = "Montserrat-Medium.ttf"; path = "../../../../Desktop/Montserrat/Montserrat-Medium.ttf"; sourceTree = "<group>"; };
		0F97CDA924BCE52A00CA7C9E /* Montserrat-Black.ttf */ = {isa = PBXFileReference; lastKnownFileType = file; name = "Montserrat-Black.ttf"; path = "../../../../Desktop/Montserrat/Montserrat-Black.ttf"; sourceTree = "<group>"; };
		0F97CDAA24BCE52A00CA7C9E /* Montserrat-Light.ttf */ = {isa = PBXFileReference; lastKnownFileType = file; name = "Montserrat-Light.ttf"; path = "../../../../Desktop/Montserrat/Montserrat-Light.ttf"; sourceTree = "<group>"; };
		0F97CDB624BCFEDE00CA7C9E /* NextCustomButton.h */ = {isa = PBXFileReference; lastKnownFileType = sourcecode.c.h; path = NextCustomButton.h; sourceTree = "<group>"; };
		0F97CDB724BCFEDE00CA7C9E /* NextCustomButton.m */ = {isa = PBXFileReference; lastKnownFileType = sourcecode.c.objc; path = NextCustomButton.m; sourceTree = "<group>"; };
		0F97CDBC24BD0C6300CA7C9E /* LoginViewController.h */ = {isa = PBXFileReference; lastKnownFileType = sourcecode.c.h; path = LoginViewController.h; sourceTree = "<group>"; };
		0F97CDBD24BD0C6300CA7C9E /* LoginViewController.m */ = {isa = PBXFileReference; lastKnownFileType = sourcecode.c.objc; path = LoginViewController.m; sourceTree = "<group>"; };
		0F9ECFDA24BF5CA70020B289 /* User.h */ = {isa = PBXFileReference; lastKnownFileType = sourcecode.c.h; path = User.h; sourceTree = "<group>"; };
		0F9ECFDB24BF5CA70020B289 /* User.m */ = {isa = PBXFileReference; lastKnownFileType = sourcecode.c.objc; path = User.m; sourceTree = "<group>"; };
		0F9ECFDE24BF5FD60020B289 /* UserBuilder.h */ = {isa = PBXFileReference; lastKnownFileType = sourcecode.c.h; path = UserBuilder.h; sourceTree = "<group>"; };
		0F9ECFDF24BF5FD60020B289 /* UserBuilder.m */ = {isa = PBXFileReference; lastKnownFileType = sourcecode.c.objc; path = UserBuilder.m; sourceTree = "<group>"; };
		0F9ECFE124BF72150020B289 /* ParseMaskListing.h */ = {isa = PBXFileReference; lastKnownFileType = sourcecode.c.h; path = ParseMaskListing.h; sourceTree = "<group>"; };
		0F9ECFE224BF72150020B289 /* ParseMaskListing.m */ = {isa = PBXFileReference; lastKnownFileType = sourcecode.c.objc; path = ParseMaskListing.m; sourceTree = "<group>"; };
		0F9ECFE824BF89330020B289 /* ParseGetter.h */ = {isa = PBXFileReference; lastKnownFileType = sourcecode.c.h; path = ParseGetter.h; sourceTree = "<group>"; };
		0F9ECFE924BF89330020B289 /* ParseGetter.m */ = {isa = PBXFileReference; lastKnownFileType = sourcecode.c.objc; path = ParseGetter.m; sourceTree = "<group>"; };
		0F9ECFEB24BF955A0020B289 /* HomeListingCell.h */ = {isa = PBXFileReference; lastKnownFileType = sourcecode.c.h; path = HomeListingCell.h; sourceTree = "<group>"; };
		0F9ECFEC24BF955A0020B289 /* HomeListingCell.m */ = {isa = PBXFileReference; lastKnownFileType = sourcecode.c.objc; path = HomeListingCell.m; sourceTree = "<group>"; };
		0FC67F3424C60D0F00852F89 /* PurchaseObj.h */ = {isa = PBXFileReference; lastKnownFileType = sourcecode.c.h; path = PurchaseObj.h; sourceTree = "<group>"; };
		0FC67F3524C60D0F00852F89 /* PurchaseObj.m */ = {isa = PBXFileReference; lastKnownFileType = sourcecode.c.objc; path = PurchaseObj.m; sourceTree = "<group>"; };
		0FC67F3824C610AE00852F89 /* PurchasedObjBuilder.h */ = {isa = PBXFileReference; lastKnownFileType = sourcecode.c.h; path = PurchasedObjBuilder.h; sourceTree = "<group>"; };
		0FC67F3924C610AE00852F89 /* PurchasedObjBuilder.m */ = {isa = PBXFileReference; lastKnownFileType = sourcecode.c.objc; path = PurchasedObjBuilder.m; sourceTree = "<group>"; };
		0FC67F3C24C6377400852F89 /* BuyingViewController.h */ = {isa = PBXFileReference; lastKnownFileType = sourcecode.c.h; path = BuyingViewController.h; sourceTree = "<group>"; };
		0FC67F3D24C6377400852F89 /* BuyingViewController.m */ = {isa = PBXFileReference; lastKnownFileType = sourcecode.c.objc; path = BuyingViewController.m; sourceTree = "<group>"; };
		0FC67F3F24C63FE600852F89 /* BuyingListingCell.h */ = {isa = PBXFileReference; lastKnownFileType = sourcecode.c.h; path = BuyingListingCell.h; sourceTree = "<group>"; };
		0FC67F4024C63FE600852F89 /* BuyingListingCell.m */ = {isa = PBXFileReference; lastKnownFileType = sourcecode.c.objc; path = BuyingListingCell.m; sourceTree = "<group>"; };
		0FC67F4424C7613700852F89 /* BoughtListing.h */ = {isa = PBXFileReference; lastKnownFileType = sourcecode.c.h; path = BoughtListing.h; sourceTree = "<group>"; };
		0FC67F4524C7613700852F89 /* BoughtListing.m */ = {isa = PBXFileReference; lastKnownFileType = sourcecode.c.objc; path = BoughtListing.m; sourceTree = "<group>"; };
		0FC67F4824C7630A00852F89 /* BoughtListingBuilder.h */ = {isa = PBXFileReference; lastKnownFileType = sourcecode.c.h; path = BoughtListingBuilder.h; sourceTree = "<group>"; };
		0FC67F4924C7630A00852F89 /* BoughtListingBuilder.m */ = {isa = PBXFileReference; lastKnownFileType = sourcecode.c.objc; path = BoughtListingBuilder.m; sourceTree = "<group>"; };
		0FC67F4E24C7915400852F89 /* BoughtDetailsViewController.h */ = {isa = PBXFileReference; lastKnownFileType = sourcecode.c.h; path = BoughtDetailsViewController.h; sourceTree = "<group>"; };
		0FC67F4F24C7915400852F89 /* BoughtDetailsViewController.m */ = {isa = PBXFileReference; lastKnownFileType = sourcecode.c.objc; path = BoughtDetailsViewController.m; sourceTree = "<group>"; };
		0FFE3C3224C24C930028466A /* PurchaseViewController.h */ = {isa = PBXFileReference; lastKnownFileType = sourcecode.c.h; path = PurchaseViewController.h; sourceTree = "<group>"; };
		0FFE3C3324C24C930028466A /* PurchaseViewController.m */ = {isa = PBXFileReference; lastKnownFileType = sourcecode.c.objc; path = PurchaseViewController.m; sourceTree = "<group>"; };
		1712B4619B99D17884EDEEB5 /* Pods-maskmarketTests.debug.xcconfig */ = {isa = PBXFileReference; includeInIndex = 1; lastKnownFileType = text.xcconfig; name = "Pods-maskmarketTests.debug.xcconfig"; path = "Target Support Files/Pods-maskmarketTests/Pods-maskmarketTests.debug.xcconfig"; sourceTree = "<group>"; };
		4853E7F1932583BD3C927CD8 /* Pods-maskmarketTests.release.xcconfig */ = {isa = PBXFileReference; includeInIndex = 1; lastKnownFileType = text.xcconfig; name = "Pods-maskmarketTests.release.xcconfig"; path = "Target Support Files/Pods-maskmarketTests/Pods-maskmarketTests.release.xcconfig"; sourceTree = "<group>"; };
		50A1DFF2771C130099606633 /* Pods_maskmarket_maskmarketUITests.framework */ = {isa = PBXFileReference; explicitFileType = wrapper.framework; includeInIndex = 0; path = Pods_maskmarket_maskmarketUITests.framework; sourceTree = BUILT_PRODUCTS_DIR; };
		5CE792246EFACFE7F0D0CF6C /* Pods-maskmarket-maskmarketUITests.release.xcconfig */ = {isa = PBXFileReference; includeInIndex = 1; lastKnownFileType = text.xcconfig; name = "Pods-maskmarket-maskmarketUITests.release.xcconfig"; path = "Target Support Files/Pods-maskmarket-maskmarketUITests/Pods-maskmarket-maskmarketUITests.release.xcconfig"; sourceTree = "<group>"; };
		8EDA954822EBDBFF48ECD59F /* Pods-maskmarket.release.xcconfig */ = {isa = PBXFileReference; includeInIndex = 1; lastKnownFileType = text.xcconfig; name = "Pods-maskmarket.release.xcconfig"; path = "Target Support Files/Pods-maskmarket/Pods-maskmarket.release.xcconfig"; sourceTree = "<group>"; };
		91A51C4A454F0EBD1743F46C /* Pods_maskmarket.framework */ = {isa = PBXFileReference; explicitFileType = wrapper.framework; includeInIndex = 0; path = Pods_maskmarket.framework; sourceTree = BUILT_PRODUCTS_DIR; };
		9A3C6B35A1F6DF5AC75D1006 /* Pods-maskmarket.debug.xcconfig */ = {isa = PBXFileReference; includeInIndex = 1; lastKnownFileType = text.xcconfig; name = "Pods-maskmarket.debug.xcconfig"; path = "Target Support Files/Pods-maskmarket/Pods-maskmarket.debug.xcconfig"; sourceTree = "<group>"; };
		AF3EB4D5E036F75B76B9CB44 /* Pods_maskmarketTests.framework */ = {isa = PBXFileReference; explicitFileType = wrapper.framework; includeInIndex = 0; path = Pods_maskmarketTests.framework; sourceTree = BUILT_PRODUCTS_DIR; };
/* End PBXFileReference section */

/* Begin PBXFrameworksBuildPhase section */
		0F97CD5824BCCFA300CA7C9E /* Frameworks */ = {
			isa = PBXFrameworksBuildPhase;
			buildActionMask = 2147483647;
			files = (
				277BD8C0ADE42DC2B1DBD5AC /* Pods_maskmarket.framework in Frameworks */,
			);
			runOnlyForDeploymentPostprocessing = 0;
		};
		0F97CD7324BCCFA400CA7C9E /* Frameworks */ = {
			isa = PBXFrameworksBuildPhase;
			buildActionMask = 2147483647;
			files = (
				3E4FBA7AFE1B5E3BC88841D2 /* Pods_maskmarketTests.framework in Frameworks */,
			);
			runOnlyForDeploymentPostprocessing = 0;
		};
		0F97CD7E24BCCFA400CA7C9E /* Frameworks */ = {
			isa = PBXFrameworksBuildPhase;
			buildActionMask = 2147483647;
			files = (
				763D322912A57636A5B2004E /* Pods_maskmarket_maskmarketUITests.framework in Frameworks */,
			);
			runOnlyForDeploymentPostprocessing = 0;
		};
/* End PBXFrameworksBuildPhase section */

/* Begin PBXGroup section */
		008F3624DF1D4676CEEF960A /* Pods */ = {
			isa = PBXGroup;
			children = (
				9A3C6B35A1F6DF5AC75D1006 /* Pods-maskmarket.debug.xcconfig */,
				8EDA954822EBDBFF48ECD59F /* Pods-maskmarket.release.xcconfig */,
				03FC078581BDA3D064BC0629 /* Pods-maskmarket-maskmarketUITests.debug.xcconfig */,
				5CE792246EFACFE7F0D0CF6C /* Pods-maskmarket-maskmarketUITests.release.xcconfig */,
				1712B4619B99D17884EDEEB5 /* Pods-maskmarketTests.debug.xcconfig */,
				4853E7F1932583BD3C927CD8 /* Pods-maskmarketTests.release.xcconfig */,
			);
			path = Pods;
			sourceTree = "<group>";
		};
		0F1E850D24C1081100412F4D /* Selling Controllers */ = {
			isa = PBXGroup;
			children = (
				0F1E850E24C1082E00412F4D /* SellingViewController.h */,
				0F1E850F24C1082E00412F4D /* SellingViewController.m */,
			);
			path = "Selling Controllers";
			sourceTree = "<group>";
		};
		0F6C4D9E24BD1F6500E2E846 /* Models */ = {
			isa = PBXGroup;
			children = (
				0FC67F4324C7611B00852F89 /* Bought Listing */,
				0FC67F3324C60CEB00852F89 /* Purchase Object */,
				0F9ECFD924BF5C830020B289 /* Users */,
				0F8B916524BE206700B1FB85 /* Builders */,
				0F6C4DA224BD1F9000E2E846 /* Mask Listing */,
			);
			path = Models;
			sourceTree = "<group>";
		};
		0F6C4DA224BD1F9000E2E846 /* Mask Listing */ = {
			isa = PBXGroup;
			children = (
				0F6C4D9F24BD1F8900E2E846 /* MaskListing.h */,
				0F6C4DA024BD1F8900E2E846 /* MaskListing.m */,
				0F9ECFE124BF72150020B289 /* ParseMaskListing.h */,
				0F9ECFE224BF72150020B289 /* ParseMaskListing.m */,
			);
			path = "Mask Listing";
			sourceTree = "<group>";
		};
		0F8B916524BE206700B1FB85 /* Builders */ = {
			isa = PBXGroup;
			children = (
				0FC67F4724C762F200852F89 /* Bought Listing Builder */,
				0FC67F3724C6108C00852F89 /* Purchased Obj Builder */,
				0F9ECFDD24BF5FC00020B289 /* User Builder */,
				0F8B916924BE213B00B1FB85 /* Mask Listing Builder */,
			);
			path = Builders;
			sourceTree = "<group>";
		};
		0F8B916924BE213B00B1FB85 /* Mask Listing Builder */ = {
			isa = PBXGroup;
			children = (
				0F8B916624BE208000B1FB85 /* MaskListingBuilder.h */,
				0F8B916724BE208000B1FB85 /* MaskListingBuilder.m */,
			);
			path = "Mask Listing Builder";
			sourceTree = "<group>";
		};
		0F8B916A24BE483600B1FB85 /* Mask Listing Creation Controllers */ = {
			isa = PBXGroup;
			children = (
				0F8B917324BE539600B1FB85 /* Price Controller */,
				0F8B916F24BE4DEE00B1FB85 /* Descript and Loc Controller */,
				0F8B916B24BE484800B1FB85 /* Image and Title Controller */,
			);
			path = "Mask Listing Creation Controllers";
			sourceTree = "<group>";
		};
		0F8B916B24BE484800B1FB85 /* Image and Title Controller */ = {
			isa = PBXGroup;
			children = (
				0F8B916C24BE487300B1FB85 /* ImageTitleViewController.h */,
				0F8B916D24BE487300B1FB85 /* ImageTitleViewController.m */,
			);
			path = "Image and Title Controller";
			sourceTree = "<group>";
		};
		0F8B916F24BE4DEE00B1FB85 /* Descript and Loc Controller */ = {
			isa = PBXGroup;
			children = (
				0F8B917024BE4E1F00B1FB85 /* DescLocViewController.h */,
				0F8B917124BE4E1F00B1FB85 /* DescLocViewController.m */,
			);
			path = "Descript and Loc Controller";
			sourceTree = "<group>";
		};
		0F8B917324BE539600B1FB85 /* Price Controller */ = {
			isa = PBXGroup;
			children = (
				0F8B917424BE53AB00B1FB85 /* PriceViewController.h */,
				0F8B917524BE53AB00B1FB85 /* PriceViewController.m */,
			);
			path = "Price Controller";
			sourceTree = "<group>";
		};
		0F97CD5224BCCFA300CA7C9E = {
			isa = PBXGroup;
			children = (
				0F97CD5D24BCCFA300CA7C9E /* maskmarket */,
				0F97CD7924BCCFA400CA7C9E /* maskmarketTests */,
				0F97CD8424BCCFA400CA7C9E /* maskmarketUITests */,
				0F97CD5C24BCCFA300CA7C9E /* Products */,
				008F3624DF1D4676CEEF960A /* Pods */,
				8CD8BBC855CDDF70575E4124 /* Frameworks */,
			);
			sourceTree = "<group>";
		};
		0F97CD5C24BCCFA300CA7C9E /* Products */ = {
			isa = PBXGroup;
			children = (
				0F97CD5B24BCCFA300CA7C9E /* maskmarket.app */,
				0F97CD7624BCCFA400CA7C9E /* maskmarketTests.xctest */,
				0F97CD8124BCCFA400CA7C9E /* maskmarketUITests.xctest */,
			);
			name = Products;
			sourceTree = "<group>";
		};
		0F97CD5D24BCCFA300CA7C9E /* maskmarket */ = {
			isa = PBXGroup;
			children = (
				0F6C4D9E24BD1F6500E2E846 /* Models */,
				0F97CDB324BCFD2E00CA7C9E /* Views */,
				0F97CD9C24BCE4DA00CA7C9E /* Fonts */,
				0F97CD9724BCDB9400CA7C9E /* Parse Managers */,
				0F97CD9324BCDAE000CA7C9E /* View Controllers */,
				0F97CD5E24BCCFA300CA7C9E /* AppDelegate.h */,
				0F97CD5F24BCCFA300CA7C9E /* AppDelegate.m */,
				0F97CD6124BCCFA300CA7C9E /* SceneDelegate.h */,
				0F97CD6224BCCFA300CA7C9E /* SceneDelegate.m */,
				0F97CD6724BCCFA300CA7C9E /* Main.storyboard */,
				0F97CD6A24BCCFA400CA7C9E /* Assets.xcassets */,
				0F97CD6C24BCCFA400CA7C9E /* LaunchScreen.storyboard */,
				0F97CD6F24BCCFA400CA7C9E /* Info.plist */,
				0F97CD7024BCCFA400CA7C9E /* main.m */,
			);
			path = maskmarket;
			sourceTree = "<group>";
		};
		0F97CD7924BCCFA400CA7C9E /* maskmarketTests */ = {
			isa = PBXGroup;
			children = (
				0F97CD7A24BCCFA400CA7C9E /* maskmarketTests.m */,
				0F97CD7C24BCCFA400CA7C9E /* Info.plist */,
			);
			path = maskmarketTests;
			sourceTree = "<group>";
		};
		0F97CD8424BCCFA400CA7C9E /* maskmarketUITests */ = {
			isa = PBXGroup;
			children = (
				0F97CD8524BCCFA400CA7C9E /* maskmarketUITests.m */,
				0F97CD8724BCCFA400CA7C9E /* Info.plist */,
			);
			path = maskmarketUITests;
			sourceTree = "<group>";
		};
		0F97CD9324BCDAE000CA7C9E /* View Controllers */ = {
			isa = PBXGroup;
			children = (
				0FC67F3B24C636FB00852F89 /* Buying Controllers */,
				0FFE3C3124C24C7E0028466A /* Purchase Controllers */,
				0F1E850D24C1081100412F4D /* Selling Controllers */,
				0FD148D224C0CD060018015E /* Details Controllers */,
				0F8B916A24BE483600B1FB85 /* Mask Listing Creation Controllers */,
				0F97CD9424BCDAFB00CA7C9E /* CreateAccountViewController.h */,
				0F97CD9524BCDAFB00CA7C9E /* CreateAccountViewController.m */,
				0F97CDBC24BD0C6300CA7C9E /* LoginViewController.h */,
				0F97CDBD24BD0C6300CA7C9E /* LoginViewController.m */,
				0F6C4D9B24BD18A800E2E846 /* MaskListingViewController.h */,
				0F6C4D9C24BD18A800E2E846 /* MaskListingViewController.m */,
			);
			path = "View Controllers";
			sourceTree = "<group>";
		};
		0F97CD9724BCDB9400CA7C9E /* Parse Managers */ = {
			isa = PBXGroup;
			children = (
				0F9ECFE724BF891E0020B289 /* Parse GETters */,
				0F97CD9824BCDBE100CA7C9E /* Parse POSTers */,
			);
			path = "Parse Managers";
			sourceTree = "<group>";
		};
		0F97CD9824BCDBE100CA7C9E /* Parse POSTers */ = {
			isa = PBXGroup;
			children = (
				0F97CD9924BCDBFF00CA7C9E /* ParsePoster.h */,
				0F97CD9A24BCDBFF00CA7C9E /* ParsePoster.m */,
			);
			path = "Parse POSTers";
			sourceTree = "<group>";
		};
		0F97CD9C24BCE4DA00CA7C9E /* Fonts */ = {
			isa = PBXGroup;
			children = (
				0F97CDA924BCE52A00CA7C9E /* Montserrat-Black.ttf */,
				0F97CDA024BCE52900CA7C9E /* Montserrat-Bold.ttf */,
				0F97CDAA24BCE52A00CA7C9E /* Montserrat-Light.ttf */,
				0F97CDA524BCE52A00CA7C9E /* Montserrat-Medium.ttf */,
				0F97CD9D24BCE52900CA7C9E /* Montserrat-Regular.ttf */,
				0F97CDA424BCE52900CA7C9E /* Montserrat-SemiBold.ttf */,
				0F97CD9E24BCE52900CA7C9E /* Montserrat-Thin.ttf */,
			);
			path = Fonts;
			sourceTree = "<group>";
		};
		0F97CDB324BCFD2E00CA7C9E /* Views */ = {
			isa = PBXGroup;
			children = (
				0F97CDB624BCFEDE00CA7C9E /* NextCustomButton.h */,
				0F97CDB724BCFEDE00CA7C9E /* NextCustomButton.m */,
				0F9ECFEB24BF955A0020B289 /* HomeListingCell.h */,
				0F9ECFEC24BF955A0020B289 /* HomeListingCell.m */,
				0F1E850A24C1063000412F4D /* SellingListingCell.h */,
				0F1E850B24C1063000412F4D /* SellingListingCell.m */,
				0FC67F3F24C63FE600852F89 /* BuyingListingCell.h */,
				0FC67F4024C63FE600852F89 /* BuyingListingCell.m */,
			);
			path = Views;
			sourceTree = "<group>";
		};
		0F9ECFD924BF5C830020B289 /* Users */ = {
			isa = PBXGroup;
			children = (
				0F9ECFDA24BF5CA70020B289 /* User.h */,
				0F9ECFDB24BF5CA70020B289 /* User.m */,
			);
			path = Users;
			sourceTree = "<group>";
		};
		0F9ECFDD24BF5FC00020B289 /* User Builder */ = {
			isa = PBXGroup;
			children = (
				0F9ECFDE24BF5FD60020B289 /* UserBuilder.h */,
				0F9ECFDF24BF5FD60020B289 /* UserBuilder.m */,
			);
			path = "User Builder";
			sourceTree = "<group>";
		};
		0F9ECFE724BF891E0020B289 /* Parse GETters */ = {
			isa = PBXGroup;
			children = (
				0F9ECFE824BF89330020B289 /* ParseGetter.h */,
				0F9ECFE924BF89330020B289 /* ParseGetter.m */,
			);
			path = "Parse GETters";
			sourceTree = "<group>";
		};
		0FC67F3324C60CEB00852F89 /* Purchase Object */ = {
			isa = PBXGroup;
			children = (
				0FC67F3424C60D0F00852F89 /* PurchaseObj.h */,
				0FC67F3524C60D0F00852F89 /* PurchaseObj.m */,
			);
			path = "Purchase Object";
			sourceTree = "<group>";
		};
		0FC67F3724C6108C00852F89 /* Purchased Obj Builder */ = {
			isa = PBXGroup;
			children = (
				0FC67F3824C610AE00852F89 /* PurchasedObjBuilder.h */,
				0FC67F3924C610AE00852F89 /* PurchasedObjBuilder.m */,
			);
			path = "Purchased Obj Builder";
			sourceTree = "<group>";
		};
		0FC67F3B24C636FB00852F89 /* Buying Controllers */ = {
			isa = PBXGroup;
			children = (
				0FC67F3C24C6377400852F89 /* BuyingViewController.h */,
				0FC67F3D24C6377400852F89 /* BuyingViewController.m */,
			);
			path = "Buying Controllers";
			sourceTree = "<group>";
		};
		0FC67F4324C7611B00852F89 /* Bought Listing */ = {
			isa = PBXGroup;
			children = (
				0FC67F4424C7613700852F89 /* BoughtListing.h */,
				0FC67F4524C7613700852F89 /* BoughtListing.m */,
			);
			path = "Bought Listing";
			sourceTree = "<group>";
		};
		0FC67F4724C762F200852F89 /* Bought Listing Builder */ = {
			isa = PBXGroup;
			children = (
				0FC67F4824C7630A00852F89 /* BoughtListingBuilder.h */,
				0FC67F4924C7630A00852F89 /* BoughtListingBuilder.m */,
			);
			path = "Bought Listing Builder";
			sourceTree = "<group>";
		};
		0FD148D224C0CD060018015E /* Details Controllers */ = {
			isa = PBXGroup;
			children = (
				0F1E850424C0CE1100412F4D /* BuyDetailViewController.h */,
				0F1E850524C0CE1100412F4D /* BuyDetailViewController.m */,
				0FC67F4E24C7915400852F89 /* BoughtDetailsViewController.h */,
				0FC67F4F24C7915400852F89 /* BoughtDetailsViewController.m */,
			);
			path = "Details Controllers";
			sourceTree = "<group>";
		};
		0FFE3C3124C24C7E0028466A /* Purchase Controllers */ = {
			isa = PBXGroup;
			children = (
				0FFE3C3224C24C930028466A /* PurchaseViewController.h */,
				0FFE3C3324C24C930028466A /* PurchaseViewController.m */,
			);
			path = "Purchase Controllers";
			sourceTree = "<group>";
		};
		8CD8BBC855CDDF70575E4124 /* Frameworks */ = {
			isa = PBXGroup;
			children = (
				91A51C4A454F0EBD1743F46C /* Pods_maskmarket.framework */,
				50A1DFF2771C130099606633 /* Pods_maskmarket_maskmarketUITests.framework */,
				AF3EB4D5E036F75B76B9CB44 /* Pods_maskmarketTests.framework */,
			);
			name = Frameworks;
			sourceTree = "<group>";
		};
/* End PBXGroup section */

/* Begin PBXNativeTarget section */
		0F97CD5A24BCCFA300CA7C9E /* maskmarket */ = {
			isa = PBXNativeTarget;
			buildConfigurationList = 0F97CD8A24BCCFA400CA7C9E /* Build configuration list for PBXNativeTarget "maskmarket" */;
			buildPhases = (
				ECC73EF6547FE77D8D5A776E /* [CP] Check Pods Manifest.lock */,
				0F97CD5724BCCFA300CA7C9E /* Sources */,
				0F97CD5824BCCFA300CA7C9E /* Frameworks */,
				0F97CD5924BCCFA300CA7C9E /* Resources */,
				281AAF86D18E698683CF062F /* [CP] Embed Pods Frameworks */,
			);
			buildRules = (
			);
			dependencies = (
			);
			name = maskmarket;
			productName = maskmarket;
			productReference = 0F97CD5B24BCCFA300CA7C9E /* maskmarket.app */;
			productType = "com.apple.product-type.application";
		};
		0F97CD7524BCCFA400CA7C9E /* maskmarketTests */ = {
			isa = PBXNativeTarget;
			buildConfigurationList = 0F97CD8D24BCCFA400CA7C9E /* Build configuration list for PBXNativeTarget "maskmarketTests" */;
			buildPhases = (
				6E9C5DE97A3AA16C6773D76A /* [CP] Check Pods Manifest.lock */,
				0F97CD7224BCCFA400CA7C9E /* Sources */,
				0F97CD7324BCCFA400CA7C9E /* Frameworks */,
				0F97CD7424BCCFA400CA7C9E /* Resources */,
			);
			buildRules = (
			);
			dependencies = (
				0F97CD7824BCCFA400CA7C9E /* PBXTargetDependency */,
			);
			name = maskmarketTests;
			productName = maskmarketTests;
			productReference = 0F97CD7624BCCFA400CA7C9E /* maskmarketTests.xctest */;
			productType = "com.apple.product-type.bundle.unit-test";
		};
		0F97CD8024BCCFA400CA7C9E /* maskmarketUITests */ = {
			isa = PBXNativeTarget;
			buildConfigurationList = 0F97CD9024BCCFA400CA7C9E /* Build configuration list for PBXNativeTarget "maskmarketUITests" */;
			buildPhases = (
				0EAD78C945781ECBF3CFBD48 /* [CP] Check Pods Manifest.lock */,
				0F97CD7D24BCCFA400CA7C9E /* Sources */,
				0F97CD7E24BCCFA400CA7C9E /* Frameworks */,
				0F97CD7F24BCCFA400CA7C9E /* Resources */,
				475465A06CF5D567EE2ADC12 /* [CP] Embed Pods Frameworks */,
			);
			buildRules = (
			);
			dependencies = (
				0F97CD8324BCCFA400CA7C9E /* PBXTargetDependency */,
			);
			name = maskmarketUITests;
			productName = maskmarketUITests;
			productReference = 0F97CD8124BCCFA400CA7C9E /* maskmarketUITests.xctest */;
			productType = "com.apple.product-type.bundle.ui-testing";
		};
/* End PBXNativeTarget section */

/* Begin PBXProject section */
		0F97CD5324BCCFA300CA7C9E /* Project object */ = {
			isa = PBXProject;
			attributes = {
				LastUpgradeCheck = 1150;
				ORGANIZATIONNAME = "Alex Oseguera";
				TargetAttributes = {
					0F97CD5A24BCCFA300CA7C9E = {
						CreatedOnToolsVersion = 11.5;
					};
					0F97CD7524BCCFA400CA7C9E = {
						CreatedOnToolsVersion = 11.5;
						TestTargetID = 0F97CD5A24BCCFA300CA7C9E;
					};
					0F97CD8024BCCFA400CA7C9E = {
						CreatedOnToolsVersion = 11.5;
						TestTargetID = 0F97CD5A24BCCFA300CA7C9E;
					};
				};
			};
			buildConfigurationList = 0F97CD5624BCCFA300CA7C9E /* Build configuration list for PBXProject "maskmarket" */;
			compatibilityVersion = "Xcode 9.3";
			developmentRegion = en;
			hasScannedForEncodings = 0;
			knownRegions = (
				en,
				Base,
			);
			mainGroup = 0F97CD5224BCCFA300CA7C9E;
			productRefGroup = 0F97CD5C24BCCFA300CA7C9E /* Products */;
			projectDirPath = "";
			projectRoot = "";
			targets = (
				0F97CD5A24BCCFA300CA7C9E /* maskmarket */,
				0F97CD7524BCCFA400CA7C9E /* maskmarketTests */,
				0F97CD8024BCCFA400CA7C9E /* maskmarketUITests */,
			);
		};
/* End PBXProject section */

/* Begin PBXResourcesBuildPhase section */
		0F97CD5924BCCFA300CA7C9E /* Resources */ = {
			isa = PBXResourcesBuildPhase;
			buildActionMask = 2147483647;
			files = (
				0F97CD6E24BCCFA400CA7C9E /* LaunchScreen.storyboard in Resources */,
				0F97CD6B24BCCFA400CA7C9E /* Assets.xcassets in Resources */,
				0F97CD6924BCCFA300CA7C9E /* Main.storyboard in Resources */,
			);
			runOnlyForDeploymentPostprocessing = 0;
		};
		0F97CD7424BCCFA400CA7C9E /* Resources */ = {
			isa = PBXResourcesBuildPhase;
			buildActionMask = 2147483647;
			files = (
			);
			runOnlyForDeploymentPostprocessing = 0;
		};
		0F97CD7F24BCCFA400CA7C9E /* Resources */ = {
			isa = PBXResourcesBuildPhase;
			buildActionMask = 2147483647;
			files = (
			);
			runOnlyForDeploymentPostprocessing = 0;
		};
/* End PBXResourcesBuildPhase section */

/* Begin PBXShellScriptBuildPhase section */
		0EAD78C945781ECBF3CFBD48 /* [CP] Check Pods Manifest.lock */ = {
			isa = PBXShellScriptBuildPhase;
			buildActionMask = 2147483647;
			files = (
			);
			inputFileListPaths = (
			);
			inputPaths = (
				"${PODS_PODFILE_DIR_PATH}/Podfile.lock",
				"${PODS_ROOT}/Manifest.lock",
			);
			name = "[CP] Check Pods Manifest.lock";
			outputFileListPaths = (
			);
			outputPaths = (
				"$(DERIVED_FILE_DIR)/Pods-maskmarket-maskmarketUITests-checkManifestLockResult.txt",
			);
			runOnlyForDeploymentPostprocessing = 0;
			shellPath = /bin/sh;
			shellScript = "diff \"${PODS_PODFILE_DIR_PATH}/Podfile.lock\" \"${PODS_ROOT}/Manifest.lock\" > /dev/null\nif [ $? != 0 ] ; then\n    # print error to STDERR\n    echo \"error: The sandbox is not in sync with the Podfile.lock. Run 'pod install' or update your CocoaPods installation.\" >&2\n    exit 1\nfi\n# This output is used by Xcode 'outputs' to avoid re-running this script phase.\necho \"SUCCESS\" > \"${SCRIPT_OUTPUT_FILE_0}\"\n";
			showEnvVarsInLog = 0;
		};
		281AAF86D18E698683CF062F /* [CP] Embed Pods Frameworks */ = {
			isa = PBXShellScriptBuildPhase;
			buildActionMask = 2147483647;
			files = (
			);
			inputFileListPaths = (
				"${PODS_ROOT}/Target Support Files/Pods-maskmarket/Pods-maskmarket-frameworks-${CONFIGURATION}-input-files.xcfilelist",
			);
			name = "[CP] Embed Pods Frameworks";
			outputFileListPaths = (
				"${PODS_ROOT}/Target Support Files/Pods-maskmarket/Pods-maskmarket-frameworks-${CONFIGURATION}-output-files.xcfilelist",
			);
			runOnlyForDeploymentPostprocessing = 0;
			shellPath = /bin/sh;
			shellScript = "\"${PODS_ROOT}/Target Support Files/Pods-maskmarket/Pods-maskmarket-frameworks.sh\"\n";
			showEnvVarsInLog = 0;
		};
		475465A06CF5D567EE2ADC12 /* [CP] Embed Pods Frameworks */ = {
			isa = PBXShellScriptBuildPhase;
			buildActionMask = 2147483647;
			files = (
			);
			inputFileListPaths = (
				"${PODS_ROOT}/Target Support Files/Pods-maskmarket-maskmarketUITests/Pods-maskmarket-maskmarketUITests-frameworks-${CONFIGURATION}-input-files.xcfilelist",
			);
			name = "[CP] Embed Pods Frameworks";
			outputFileListPaths = (
				"${PODS_ROOT}/Target Support Files/Pods-maskmarket-maskmarketUITests/Pods-maskmarket-maskmarketUITests-frameworks-${CONFIGURATION}-output-files.xcfilelist",
			);
			runOnlyForDeploymentPostprocessing = 0;
			shellPath = /bin/sh;
			shellScript = "\"${PODS_ROOT}/Target Support Files/Pods-maskmarket-maskmarketUITests/Pods-maskmarket-maskmarketUITests-frameworks.sh\"\n";
			showEnvVarsInLog = 0;
		};
		6E9C5DE97A3AA16C6773D76A /* [CP] Check Pods Manifest.lock */ = {
			isa = PBXShellScriptBuildPhase;
			buildActionMask = 2147483647;
			files = (
			);
			inputFileListPaths = (
			);
			inputPaths = (
				"${PODS_PODFILE_DIR_PATH}/Podfile.lock",
				"${PODS_ROOT}/Manifest.lock",
			);
			name = "[CP] Check Pods Manifest.lock";
			outputFileListPaths = (
			);
			outputPaths = (
				"$(DERIVED_FILE_DIR)/Pods-maskmarketTests-checkManifestLockResult.txt",
			);
			runOnlyForDeploymentPostprocessing = 0;
			shellPath = /bin/sh;
			shellScript = "diff \"${PODS_PODFILE_DIR_PATH}/Podfile.lock\" \"${PODS_ROOT}/Manifest.lock\" > /dev/null\nif [ $? != 0 ] ; then\n    # print error to STDERR\n    echo \"error: The sandbox is not in sync with the Podfile.lock. Run 'pod install' or update your CocoaPods installation.\" >&2\n    exit 1\nfi\n# This output is used by Xcode 'outputs' to avoid re-running this script phase.\necho \"SUCCESS\" > \"${SCRIPT_OUTPUT_FILE_0}\"\n";
			showEnvVarsInLog = 0;
		};
		ECC73EF6547FE77D8D5A776E /* [CP] Check Pods Manifest.lock */ = {
			isa = PBXShellScriptBuildPhase;
			buildActionMask = 2147483647;
			files = (
			);
			inputFileListPaths = (
			);
			inputPaths = (
				"${PODS_PODFILE_DIR_PATH}/Podfile.lock",
				"${PODS_ROOT}/Manifest.lock",
			);
			name = "[CP] Check Pods Manifest.lock";
			outputFileListPaths = (
			);
			outputPaths = (
				"$(DERIVED_FILE_DIR)/Pods-maskmarket-checkManifestLockResult.txt",
			);
			runOnlyForDeploymentPostprocessing = 0;
			shellPath = /bin/sh;
			shellScript = "diff \"${PODS_PODFILE_DIR_PATH}/Podfile.lock\" \"${PODS_ROOT}/Manifest.lock\" > /dev/null\nif [ $? != 0 ] ; then\n    # print error to STDERR\n    echo \"error: The sandbox is not in sync with the Podfile.lock. Run 'pod install' or update your CocoaPods installation.\" >&2\n    exit 1\nfi\n# This output is used by Xcode 'outputs' to avoid re-running this script phase.\necho \"SUCCESS\" > \"${SCRIPT_OUTPUT_FILE_0}\"\n";
			showEnvVarsInLog = 0;
		};
/* End PBXShellScriptBuildPhase section */

/* Begin PBXSourcesBuildPhase section */
		0F97CD5724BCCFA300CA7C9E /* Sources */ = {
			isa = PBXSourcesBuildPhase;
			buildActionMask = 2147483647;
			files = (
				0F8B917624BE53AB00B1FB85 /* PriceViewController.m in Sources */,
				0F8B916E24BE487300B1FB85 /* ImageTitleViewController.m in Sources */,
				0F9ECFE024BF5FD60020B289 /* UserBuilder.m in Sources */,
				0F97CD9624BCDAFB00CA7C9E /* CreateAccountViewController.m in Sources */,
				0F97CDB824BCFEDE00CA7C9E /* NextCustomButton.m in Sources */,
				0F97CD6024BCCFA300CA7C9E /* AppDelegate.m in Sources */,
				0F6C4D9D24BD18A800E2E846 /* MaskListingViewController.m in Sources */,
				0F97CD9B24BCDBFF00CA7C9E /* ParsePoster.m in Sources */,
				0FC67F5024C7915400852F89 /* BoughtDetailsViewController.m in Sources */,
				0F9ECFEA24BF89330020B289 /* ParseGetter.m in Sources */,
				0FC67F3E24C6377400852F89 /* BuyingViewController.m in Sources */,
				0FC67F3A24C610AE00852F89 /* PurchasedObjBuilder.m in Sources */,
				0F97CDBE24BD0C6300CA7C9E /* LoginViewController.m in Sources */,
				0F9ECFDC24BF5CA70020B289 /* User.m in Sources */,
				0FC67F4624C7613700852F89 /* BoughtListing.m in Sources */,
				0F1E850C24C1063000412F4D /* SellingListingCell.m in Sources */,
				0F97CD7124BCCFA400CA7C9E /* main.m in Sources */,
				0F1E851024C1082E00412F4D /* SellingViewController.m in Sources */,
				0F8B917224BE4E1F00B1FB85 /* DescLocViewController.m in Sources */,
				0FFE3C3424C24C930028466A /* PurchaseViewController.m in Sources */,
				0F9ECFED24BF955A0020B289 /* HomeListingCell.m in Sources */,
				0F6C4DA124BD1F8900E2E846 /* MaskListing.m in Sources */,
				0F8B916824BE208000B1FB85 /* MaskListingBuilder.m in Sources */,
				0F9ECFE324BF72160020B289 /* ParseMaskListing.m in Sources */,
				0FC67F4A24C7630A00852F89 /* BoughtListingBuilder.m in Sources */,
				0F1E850624C0CE1100412F4D /* BuyDetailViewController.m in Sources */,
				0FC67F3624C60D0F00852F89 /* PurchaseObj.m in Sources */,
				0FC67F4124C63FE600852F89 /* BuyingListingCell.m in Sources */,
				0F97CD6324BCCFA300CA7C9E /* SceneDelegate.m in Sources */,
			);
			runOnlyForDeploymentPostprocessing = 0;
		};
		0F97CD7224BCCFA400CA7C9E /* Sources */ = {
			isa = PBXSourcesBuildPhase;
			buildActionMask = 2147483647;
			files = (
				0F97CD7B24BCCFA400CA7C9E /* maskmarketTests.m in Sources */,
			);
			runOnlyForDeploymentPostprocessing = 0;
		};
		0F97CD7D24BCCFA400CA7C9E /* Sources */ = {
			isa = PBXSourcesBuildPhase;
			buildActionMask = 2147483647;
			files = (
				0F97CD8624BCCFA400CA7C9E /* maskmarketUITests.m in Sources */,
			);
			runOnlyForDeploymentPostprocessing = 0;
		};
/* End PBXSourcesBuildPhase section */

/* Begin PBXTargetDependency section */
		0F97CD7824BCCFA400CA7C9E /* PBXTargetDependency */ = {
			isa = PBXTargetDependency;
			target = 0F97CD5A24BCCFA300CA7C9E /* maskmarket */;
			targetProxy = 0F97CD7724BCCFA400CA7C9E /* PBXContainerItemProxy */;
		};
		0F97CD8324BCCFA400CA7C9E /* PBXTargetDependency */ = {
			isa = PBXTargetDependency;
			target = 0F97CD5A24BCCFA300CA7C9E /* maskmarket */;
			targetProxy = 0F97CD8224BCCFA400CA7C9E /* PBXContainerItemProxy */;
		};
/* End PBXTargetDependency section */

/* Begin PBXVariantGroup section */
		0F97CD6724BCCFA300CA7C9E /* Main.storyboard */ = {
			isa = PBXVariantGroup;
			children = (
				0F97CD6824BCCFA300CA7C9E /* Base */,
			);
			name = Main.storyboard;
			sourceTree = "<group>";
		};
		0F97CD6C24BCCFA400CA7C9E /* LaunchScreen.storyboard */ = {
			isa = PBXVariantGroup;
			children = (
				0F97CD6D24BCCFA400CA7C9E /* Base */,
			);
			name = LaunchScreen.storyboard;
			sourceTree = "<group>";
		};
/* End PBXVariantGroup section */

/* Begin XCBuildConfiguration section */
		0F97CD8824BCCFA400CA7C9E /* Debug */ = {
			isa = XCBuildConfiguration;
			buildSettings = {
				ALWAYS_SEARCH_USER_PATHS = NO;
				CLANG_ANALYZER_NONNULL = YES;
				CLANG_ANALYZER_NUMBER_OBJECT_CONVERSION = YES_AGGRESSIVE;
				CLANG_CXX_LANGUAGE_STANDARD = "gnu++14";
				CLANG_CXX_LIBRARY = "libc++";
				CLANG_ENABLE_MODULES = YES;
				CLANG_ENABLE_OBJC_ARC = YES;
				CLANG_ENABLE_OBJC_WEAK = YES;
				CLANG_WARN_BLOCK_CAPTURE_AUTORELEASING = YES;
				CLANG_WARN_BOOL_CONVERSION = YES;
				CLANG_WARN_COMMA = YES;
				CLANG_WARN_CONSTANT_CONVERSION = YES;
				CLANG_WARN_DEPRECATED_OBJC_IMPLEMENTATIONS = YES;
				CLANG_WARN_DIRECT_OBJC_ISA_USAGE = YES_ERROR;
				CLANG_WARN_DOCUMENTATION_COMMENTS = YES;
				CLANG_WARN_EMPTY_BODY = YES;
				CLANG_WARN_ENUM_CONVERSION = YES;
				CLANG_WARN_INFINITE_RECURSION = YES;
				CLANG_WARN_INT_CONVERSION = YES;
				CLANG_WARN_NON_LITERAL_NULL_CONVERSION = YES;
				CLANG_WARN_OBJC_IMPLICIT_RETAIN_SELF = YES;
				CLANG_WARN_OBJC_LITERAL_CONVERSION = YES;
				CLANG_WARN_OBJC_ROOT_CLASS = YES_ERROR;
				CLANG_WARN_RANGE_LOOP_ANALYSIS = YES;
				CLANG_WARN_STRICT_PROTOTYPES = YES;
				CLANG_WARN_SUSPICIOUS_MOVE = YES;
				CLANG_WARN_UNGUARDED_AVAILABILITY = YES_AGGRESSIVE;
				CLANG_WARN_UNREACHABLE_CODE = YES;
				CLANG_WARN__DUPLICATE_METHOD_MATCH = YES;
				COPY_PHASE_STRIP = NO;
				DEBUG_INFORMATION_FORMAT = dwarf;
				ENABLE_STRICT_OBJC_MSGSEND = YES;
				ENABLE_TESTABILITY = YES;
				GCC_C_LANGUAGE_STANDARD = gnu11;
				GCC_DYNAMIC_NO_PIC = NO;
				GCC_NO_COMMON_BLOCKS = YES;
				GCC_OPTIMIZATION_LEVEL = 0;
				GCC_PREPROCESSOR_DEFINITIONS = (
					"DEBUG=1",
					"$(inherited)",
				);
				GCC_WARN_64_TO_32_BIT_CONVERSION = YES;
				GCC_WARN_ABOUT_RETURN_TYPE = YES_ERROR;
				GCC_WARN_UNDECLARED_SELECTOR = YES;
				GCC_WARN_UNINITIALIZED_AUTOS = YES_AGGRESSIVE;
				GCC_WARN_UNUSED_FUNCTION = YES;
				GCC_WARN_UNUSED_VARIABLE = YES;
				IPHONEOS_DEPLOYMENT_TARGET = 13.5;
				MTL_ENABLE_DEBUG_INFO = INCLUDE_SOURCE;
				MTL_FAST_MATH = YES;
				ONLY_ACTIVE_ARCH = YES;
				SDKROOT = iphoneos;
			};
			name = Debug;
		};
		0F97CD8924BCCFA400CA7C9E /* Release */ = {
			isa = XCBuildConfiguration;
			buildSettings = {
				ALWAYS_SEARCH_USER_PATHS = NO;
				CLANG_ANALYZER_NONNULL = YES;
				CLANG_ANALYZER_NUMBER_OBJECT_CONVERSION = YES_AGGRESSIVE;
				CLANG_CXX_LANGUAGE_STANDARD = "gnu++14";
				CLANG_CXX_LIBRARY = "libc++";
				CLANG_ENABLE_MODULES = YES;
				CLANG_ENABLE_OBJC_ARC = YES;
				CLANG_ENABLE_OBJC_WEAK = YES;
				CLANG_WARN_BLOCK_CAPTURE_AUTORELEASING = YES;
				CLANG_WARN_BOOL_CONVERSION = YES;
				CLANG_WARN_COMMA = YES;
				CLANG_WARN_CONSTANT_CONVERSION = YES;
				CLANG_WARN_DEPRECATED_OBJC_IMPLEMENTATIONS = YES;
				CLANG_WARN_DIRECT_OBJC_ISA_USAGE = YES_ERROR;
				CLANG_WARN_DOCUMENTATION_COMMENTS = YES;
				CLANG_WARN_EMPTY_BODY = YES;
				CLANG_WARN_ENUM_CONVERSION = YES;
				CLANG_WARN_INFINITE_RECURSION = YES;
				CLANG_WARN_INT_CONVERSION = YES;
				CLANG_WARN_NON_LITERAL_NULL_CONVERSION = YES;
				CLANG_WARN_OBJC_IMPLICIT_RETAIN_SELF = YES;
				CLANG_WARN_OBJC_LITERAL_CONVERSION = YES;
				CLANG_WARN_OBJC_ROOT_CLASS = YES_ERROR;
				CLANG_WARN_RANGE_LOOP_ANALYSIS = YES;
				CLANG_WARN_STRICT_PROTOTYPES = YES;
				CLANG_WARN_SUSPICIOUS_MOVE = YES;
				CLANG_WARN_UNGUARDED_AVAILABILITY = YES_AGGRESSIVE;
				CLANG_WARN_UNREACHABLE_CODE = YES;
				CLANG_WARN__DUPLICATE_METHOD_MATCH = YES;
				COPY_PHASE_STRIP = NO;
				DEBUG_INFORMATION_FORMAT = "dwarf-with-dsym";
				ENABLE_NS_ASSERTIONS = NO;
				ENABLE_STRICT_OBJC_MSGSEND = YES;
				GCC_C_LANGUAGE_STANDARD = gnu11;
				GCC_NO_COMMON_BLOCKS = YES;
				GCC_WARN_64_TO_32_BIT_CONVERSION = YES;
				GCC_WARN_ABOUT_RETURN_TYPE = YES_ERROR;
				GCC_WARN_UNDECLARED_SELECTOR = YES;
				GCC_WARN_UNINITIALIZED_AUTOS = YES_AGGRESSIVE;
				GCC_WARN_UNUSED_FUNCTION = YES;
				GCC_WARN_UNUSED_VARIABLE = YES;
				IPHONEOS_DEPLOYMENT_TARGET = 13.5;
				MTL_ENABLE_DEBUG_INFO = NO;
				MTL_FAST_MATH = YES;
				SDKROOT = iphoneos;
				VALIDATE_PRODUCT = YES;
			};
			name = Release;
		};
		0F97CD8B24BCCFA400CA7C9E /* Debug */ = {
			isa = XCBuildConfiguration;
			baseConfigurationReference = 9A3C6B35A1F6DF5AC75D1006 /* Pods-maskmarket.debug.xcconfig */;
			buildSettings = {
				ASSETCATALOG_COMPILER_APPICON_NAME = AppIcon;
				CODE_SIGN_STYLE = Automatic;
				DEVELOPMENT_TEAM = D747K95Y55;
				INFOPLIST_FILE = maskmarket/Info.plist;
				LD_RUNPATH_SEARCH_PATHS = (
					"$(inherited)",
					"@executable_path/Frameworks",
				);
				PRODUCT_BUNDLE_IDENTIFIER = com.alexoseg.maskmarket;
				PRODUCT_NAME = "$(TARGET_NAME)";
				TARGETED_DEVICE_FAMILY = "1,2";
			};
			name = Debug;
		};
		0F97CD8C24BCCFA400CA7C9E /* Release */ = {
			isa = XCBuildConfiguration;
			baseConfigurationReference = 8EDA954822EBDBFF48ECD59F /* Pods-maskmarket.release.xcconfig */;
			buildSettings = {
				ASSETCATALOG_COMPILER_APPICON_NAME = AppIcon;
				CODE_SIGN_STYLE = Automatic;
				DEVELOPMENT_TEAM = D747K95Y55;
				INFOPLIST_FILE = maskmarket/Info.plist;
				LD_RUNPATH_SEARCH_PATHS = (
					"$(inherited)",
					"@executable_path/Frameworks",
				);
				PRODUCT_BUNDLE_IDENTIFIER = com.alexoseg.maskmarket;
				PRODUCT_NAME = "$(TARGET_NAME)";
				TARGETED_DEVICE_FAMILY = "1,2";
			};
			name = Release;
		};
		0F97CD8E24BCCFA400CA7C9E /* Debug */ = {
			isa = XCBuildConfiguration;
			baseConfigurationReference = 1712B4619B99D17884EDEEB5 /* Pods-maskmarketTests.debug.xcconfig */;
			buildSettings = {
				BUNDLE_LOADER = "$(TEST_HOST)";
				CODE_SIGN_STYLE = Automatic;
				DEVELOPMENT_TEAM = D747K95Y55;
				INFOPLIST_FILE = maskmarketTests/Info.plist;
				IPHONEOS_DEPLOYMENT_TARGET = 13.5;
				LD_RUNPATH_SEARCH_PATHS = (
					"$(inherited)",
					"@executable_path/Frameworks",
					"@loader_path/Frameworks",
				);
				PRODUCT_BUNDLE_IDENTIFIER = com.alexoseg.maskmarketTests;
				PRODUCT_NAME = "$(TARGET_NAME)";
				TARGETED_DEVICE_FAMILY = "1,2";
				TEST_HOST = "$(BUILT_PRODUCTS_DIR)/maskmarket.app/maskmarket";
			};
			name = Debug;
		};
		0F97CD8F24BCCFA400CA7C9E /* Release */ = {
			isa = XCBuildConfiguration;
			baseConfigurationReference = 4853E7F1932583BD3C927CD8 /* Pods-maskmarketTests.release.xcconfig */;
			buildSettings = {
				BUNDLE_LOADER = "$(TEST_HOST)";
				CODE_SIGN_STYLE = Automatic;
				DEVELOPMENT_TEAM = D747K95Y55;
				INFOPLIST_FILE = maskmarketTests/Info.plist;
				IPHONEOS_DEPLOYMENT_TARGET = 13.5;
				LD_RUNPATH_SEARCH_PATHS = (
					"$(inherited)",
					"@executable_path/Frameworks",
					"@loader_path/Frameworks",
				);
				PRODUCT_BUNDLE_IDENTIFIER = com.alexoseg.maskmarketTests;
				PRODUCT_NAME = "$(TARGET_NAME)";
				TARGETED_DEVICE_FAMILY = "1,2";
				TEST_HOST = "$(BUILT_PRODUCTS_DIR)/maskmarket.app/maskmarket";
			};
			name = Release;
		};
		0F97CD9124BCCFA400CA7C9E /* Debug */ = {
			isa = XCBuildConfiguration;
			baseConfigurationReference = 03FC078581BDA3D064BC0629 /* Pods-maskmarket-maskmarketUITests.debug.xcconfig */;
			buildSettings = {
				CODE_SIGN_STYLE = Automatic;
				DEVELOPMENT_TEAM = D747K95Y55;
				INFOPLIST_FILE = maskmarketUITests/Info.plist;
				LD_RUNPATH_SEARCH_PATHS = (
					"$(inherited)",
					"@executable_path/Frameworks",
					"@loader_path/Frameworks",
				);
				PRODUCT_BUNDLE_IDENTIFIER = com.alexoseg.maskmarketUITests;
				PRODUCT_NAME = "$(TARGET_NAME)";
				TARGETED_DEVICE_FAMILY = "1,2";
				TEST_TARGET_NAME = maskmarket;
			};
			name = Debug;
		};
		0F97CD9224BCCFA400CA7C9E /* Release */ = {
			isa = XCBuildConfiguration;
			baseConfigurationReference = 5CE792246EFACFE7F0D0CF6C /* Pods-maskmarket-maskmarketUITests.release.xcconfig */;
			buildSettings = {
				CODE_SIGN_STYLE = Automatic;
				DEVELOPMENT_TEAM = D747K95Y55;
				INFOPLIST_FILE = maskmarketUITests/Info.plist;
				LD_RUNPATH_SEARCH_PATHS = (
					"$(inherited)",
					"@executable_path/Frameworks",
					"@loader_path/Frameworks",
				);
				PRODUCT_BUNDLE_IDENTIFIER = com.alexoseg.maskmarketUITests;
				PRODUCT_NAME = "$(TARGET_NAME)";
				TARGETED_DEVICE_FAMILY = "1,2";
				TEST_TARGET_NAME = maskmarket;
			};
			name = Release;
		};
/* End XCBuildConfiguration section */

/* Begin XCConfigurationList section */
		0F97CD5624BCCFA300CA7C9E /* Build configuration list for PBXProject "maskmarket" */ = {
			isa = XCConfigurationList;
			buildConfigurations = (
				0F97CD8824BCCFA400CA7C9E /* Debug */,
				0F97CD8924BCCFA400CA7C9E /* Release */,
			);
			defaultConfigurationIsVisible = 0;
			defaultConfigurationName = Release;
		};
		0F97CD8A24BCCFA400CA7C9E /* Build configuration list for PBXNativeTarget "maskmarket" */ = {
			isa = XCConfigurationList;
			buildConfigurations = (
				0F97CD8B24BCCFA400CA7C9E /* Debug */,
				0F97CD8C24BCCFA400CA7C9E /* Release */,
			);
			defaultConfigurationIsVisible = 0;
			defaultConfigurationName = Release;
		};
		0F97CD8D24BCCFA400CA7C9E /* Build configuration list for PBXNativeTarget "maskmarketTests" */ = {
			isa = XCConfigurationList;
			buildConfigurations = (
				0F97CD8E24BCCFA400CA7C9E /* Debug */,
				0F97CD8F24BCCFA400CA7C9E /* Release */,
			);
			defaultConfigurationIsVisible = 0;
			defaultConfigurationName = Release;
		};
		0F97CD9024BCCFA400CA7C9E /* Build configuration list for PBXNativeTarget "maskmarketUITests" */ = {
			isa = XCConfigurationList;
			buildConfigurations = (
				0F97CD9124BCCFA400CA7C9E /* Debug */,
				0F97CD9224BCCFA400CA7C9E /* Release */,
			);
			defaultConfigurationIsVisible = 0;
			defaultConfigurationName = Release;
		};
/* End XCConfigurationList section */
	};
	rootObject = 0F97CD5324BCCFA300CA7C9E /* Project object */;
}
